{
  "nodes": {
    "flake-utils": {
      "inputs": {
        "systems": "systems"
      },
      "locked": {
        "lastModified": 1689068808,
        "narHash": "sha256-6ixXo3wt24N/melDWjq70UuHQLxGV8jZvooRanIHXw0=",
        "owner": "numtide",
        "repo": "flake-utils",
        "rev": "919d646de7be200f3bf08cb76ae1f09402b6f9b4",
        "type": "github"
      },
      "original": {
        "owner": "numtide",
        "repo": "flake-utils",
        "type": "github"
      }
    },
    "happy-hacking-gnu-src": {
      "flake": false,
      "locked": {
        "lastModified": 1682425107,
        "narHash": "sha256-bCV1W8/6ths8igZg9nxFZuYDGuKMSGxJmg6c1PJxuGY=",
        "ref": "refs/heads/master",
        "rev": "0045faf17c8e3fd51f114124ed7eef51d3c97bb0",
        "revCount": 33,
        "submodules": true,
        "type": "git",
        "url": "https://gitlab.com/dom/happy-hacking-gnu.git??rev=85dfbba4cfc11a34f2dd8e984e9d46112f04a7e1"
      },
      "original": {
        "submodules": true,
        "type": "git",
        "url": "https://gitlab.com/dom/happy-hacking-gnu.git??rev=85dfbba4cfc11a34f2dd8e984e9d46112f04a7e1"
      }
    },
    "hhg-overlay": {
      "inputs": {
        "happy-hacking-gnu-src": "happy-hacking-gnu-src",
        "nixpkgs": [
          "nixpkgs"
        ]
      },
      "locked": {
        "lastModified": 1686841510,
        "narHash": "sha256-TZP02zKHKUEtHubL6/SuYOtGPW/cRtTKqjqwX7HD54k=",
        "owner": "damhiya",
        "repo": "hhg-overlay",
        "rev": "da9cc9a11b60ebd15baa78d77d90a77fbf43251b",
        "type": "github"
      },
      "original": {
        "owner": "damhiya",
        "repo": "hhg-overlay",
        "type": "github"
      }
    },
    "home-manager": {
      "inputs": {
        "nixpkgs": [
          "nixpkgs"
        ]
      },
      "locked": {
        "lastModified": 1710820906,
        "narHash": "sha256-2bNMraoRB4pdw/HtxgYTFeMhEekBZeQ53/a8xkqpbZc=",
        "owner": "nix-community",
        "repo": "home-manager",
        "rev": "022464438a85450abb23d93b91aa82e0addd71fb",
        "type": "github"
      },
      "original": {
        "owner": "nix-community",
        "repo": "home-manager",
        "type": "github"
      }
    },
    "iosevka-custom": {
      "inputs": {
        "flake-utils": "flake-utils",
        "nixpkgs": "nixpkgs"
      },
      "locked": {
        "lastModified": 1691101363,
        "narHash": "sha256-V7k08hqGt8ahEAcW4HW8xTTxrvzELoD1EcNaXY2PgSA=",
        "owner": "damhiya",
        "repo": "iosevka-custom",
        "rev": "318e49301c5b1f19da94a123b39ac3cfc194f199",
        "type": "github"
      },
      "original": {
        "owner": "damhiya",
        "repo": "iosevka-custom",
        "type": "github"
      }
    },
    "kmonad": {
      "inputs": {
        "nixpkgs": [
          "nixpkgs"
        ]
      },
      "locked": {
        "dir": "nix",
        "lastModified": 1707655140,
        "narHash": "sha256-CP7Te/8N0ETEmxX08assyFzwymNR7FjoWJOLh7VRfEU=",
        "owner": "kmonad",
        "repo": "kmonad",
        "rev": "70a5e97518c87ff52be4b403d774e88c5c61e3c1",
        "type": "github"
      },
      "original": {
        "dir": "nix",
        "owner": "kmonad",
        "repo": "kmonad",
        "type": "github"
      }
    },
    "nixpkgs": {
      "locked": {
        "lastModified": 1691006197,
        "narHash": "sha256-DbtxVWPt+ZP5W0Usg7jAyTomIM//c3Jtfa59Ht7AV8s=",
        "owner": "NixOS",
        "repo": "nixpkgs",
        "rev": "66aedfd010204949cb225cf749be08cb13ce1813",
        "type": "github"
      },
      "original": {
        "owner": "NixOS",
        "ref": "nixos-unstable",
        "repo": "nixpkgs",
        "type": "github"
      }
    },
    "nixpkgs_2": {
      "locked": {
        "lastModified": 1710806803,
        "narHash": "sha256-qrxvLS888pNJFwJdK+hf1wpRCSQcqA6W5+Ox202NDa0=",
        "owner": "NixOS",
        "repo": "nixpkgs",
        "rev": "b06025f1533a1e07b6db3e75151caa155d1c7eb3",
        "type": "github"
      },
      "original": {
        "owner": "NixOS",
        "ref": "nixos-unstable",
        "repo": "nixpkgs",
        "type": "github"
      }
    },
    "notsodeep-overlay": {
      "inputs": {
        "notsodeep-src": "notsodeep-src"
      },
      "locked": {
        "lastModified": 1666425484,
        "narHash": "sha256-NrIRhzzbMgeftd/cGY+GlY/HidSuwLjLd8r+VFr9jOw=",
        "owner": "damhiya",
        "repo": "notsodeep-overlay",
        "rev": "bf94085ef1f61a3d1273aaf16bd5a70b6303cd5c",
        "type": "github"
      },
      "original": {
        "owner": "damhiya",
        "repo": "notsodeep-overlay",
        "type": "github"
      }
    },
    "notsodeep-src": {
      "flake": false,
      "locked": {
        "lastModified": 1559071595,
        "narHash": "sha256-e6bc8pZwAWpe2t34gQgxpG1ZjO4/nc1MKAZtJvfX/Wc=",
        "owner": "farukuzun",
        "repo": "notsodeep",
        "rev": "470532243bff92fd8314f3693c4748604078b484",
        "type": "github"
      },
      "original": {
        "owner": "farukuzun",
        "repo": "notsodeep",
        "rev": "470532243bff92fd8314f3693c4748604078b484",
        "type": "github"
      }
    },
    "root": {
      "inputs": {
        "hhg-overlay": "hhg-overlay",
        "home-manager": "home-manager",
        "iosevka-custom": "iosevka-custom",
        "kmonad": "kmonad",
        "nixpkgs": "nixpkgs_2",
        "notsodeep-overlay": "notsodeep-overlay"
      }
    },
    "systems": {
      "locked": {
        "lastModified": 1681028828,
        "narHash": "sha256-Vy1rq5AaRuLzOxct8nz4T6wlgyUR7zLU309k9mBC768=",
        "owner": "nix-systems",
        "repo": "default",
        "rev": "da67096a3b9bf56a91d16901293e51ba5b49a27e",
        "type": "github"
      },
      "original": {
        "owner": "nix-systems",
        "repo": "default",
        "type": "github"
      }
    }
  },
  "root": "root",
  "version": 7
}
