{
  "nodes": {
    "emacs-overlay": {
      "inputs": {
        "flake-utils": "flake-utils",
        "nixpkgs": [
          "nixpkgs"
        ]
      },
      "locked": {
        "lastModified": 1680690049,
        "narHash": "sha256-4049xEWNBdpkF/bDV50CIVbyUp3UbweG69XJXBSTjeY=",
        "owner": "nix-community",
        "repo": "emacs-overlay",
        "rev": "8d3390e69f6f850f33e7b70d2c7a4b83c5f69871",
        "type": "github"
      },
      "original": {
        "owner": "nix-community",
        "repo": "emacs-overlay",
        "type": "github"
      }
    },
    "flake-compat": {
      "locked": {
        "lastModified": 1680531544,
        "narHash": "sha256-8qbiDTYb1kGaDADRXTItpcMKQ1TeQVkuof6oEwHUvVA=",
        "owner": "nix-community",
        "repo": "flake-compat",
        "rev": "95e78dc12268c5e4878621845c511077f3798729",
        "type": "github"
      },
      "original": {
        "owner": "nix-community",
        "repo": "flake-compat",
        "type": "github"
      }
    },
    "flake-parts": {
      "inputs": {
        "nixpkgs-lib": [
          "nixpkgs-wayland",
          "nix-eval-jobs",
          "nixpkgs"
        ]
      },
      "locked": {
        "lastModified": 1680392223,
        "narHash": "sha256-n3g7QFr85lDODKt250rkZj2IFS3i4/8HBU2yKHO3tqw=",
        "owner": "hercules-ci",
        "repo": "flake-parts",
        "rev": "dcc36e45d054d7bb554c9cdab69093debd91a0b5",
        "type": "github"
      },
      "original": {
        "owner": "hercules-ci",
        "repo": "flake-parts",
        "type": "github"
      }
    },
    "flake-utils": {
      "locked": {
        "lastModified": 1667395993,
        "narHash": "sha256-nuEHfE/LcWyuSWnS8t12N1wc105Qtau+/OdUAjtQ0rA=",
        "owner": "numtide",
        "repo": "flake-utils",
        "rev": "5aed5285a952e0b949eb3ba02c12fa4fcfef535f",
        "type": "github"
      },
      "original": {
        "owner": "numtide",
        "repo": "flake-utils",
        "type": "github"
      }
    },
    "flake-utils_2": {
      "locked": {
        "lastModified": 1659877975,
        "narHash": "sha256-zllb8aq3YO3h8B/U0/J1WBgAL8EX5yWf5pMj3G0NAmc=",
        "owner": "numtide",
        "repo": "flake-utils",
        "rev": "c0e246b9b83f637f4681389ecabcb2681b4f3af0",
        "type": "github"
      },
      "original": {
        "owner": "numtide",
        "repo": "flake-utils",
        "type": "github"
      }
    },
    "flake-utils_3": {
      "locked": {
        "lastModified": 1678901627,
        "narHash": "sha256-U02riOqrKKzwjsxc/400XnElV+UtPUQWpANPlyazjH0=",
        "owner": "numtide",
        "repo": "flake-utils",
        "rev": "93a2b84fc4b70d9e089d029deacc3583435c2ed6",
        "type": "github"
      },
      "original": {
        "owner": "numtide",
        "repo": "flake-utils",
        "type": "github"
      }
    },
    "home-manager": {
      "inputs": {
        "nixpkgs": [
          "nixpkgs"
        ],
        "utils": "utils"
      },
      "locked": {
        "lastModified": 1680597706,
        "narHash": "sha256-ZqJ3T+BxzjPH9TnmeUwS4Uu9ZQPeBXAFC9sUWlharT4=",
        "owner": "nix-community",
        "repo": "home-manager",
        "rev": "ec06f419af79207b33d797064dfb3fc9dbe1df4a",
        "type": "github"
      },
      "original": {
        "owner": "nix-community",
        "repo": "home-manager",
        "type": "github"
      }
    },
    "iosevka-custom": {
      "inputs": {
        "flake-utils": "flake-utils_2",
        "nixpkgs": "nixpkgs"
      },
      "locked": {
        "lastModified": 1666435150,
        "narHash": "sha256-fZ2HJuEEzjMCcp5Oo9NIXyzccQFGQTPU2UtBEPlvJIo=",
        "owner": "damhiya",
        "repo": "iosevka-custom",
        "rev": "3234ae59a3dbf815d959f3953c680beedb1da403",
        "type": "github"
      },
      "original": {
        "owner": "damhiya",
        "repo": "iosevka-custom",
        "type": "github"
      }
    },
    "kmonad": {
      "inputs": {
        "nixpkgs": [
          "nixpkgs"
        ]
      },
      "locked": {
        "dir": "nix",
        "lastModified": 1679982002,
        "narHash": "sha256-st3xFK6kgoeTwVQw/zKGc4HLaWSU4yrRyY82d7bfgYk=",
        "owner": "kmonad",
        "repo": "kmonad",
        "rev": "a22e0bad9e76b01c7b9e56f193e07c615e82effa",
        "type": "github"
      },
      "original": {
        "dir": "nix",
        "owner": "kmonad",
        "repo": "kmonad",
        "type": "github"
      }
    },
    "lib-aggregate": {
      "inputs": {
        "flake-utils": "flake-utils_3",
        "nixpkgs-lib": "nixpkgs-lib"
      },
      "locked": {
        "lastModified": 1680437292,
        "narHash": "sha256-iYLdT1g0uzYs5cr/+pKfN7WLY1mAoHcs7vOfC+K5U3w=",
        "owner": "nix-community",
        "repo": "lib-aggregate",
        "rev": "bdd2c6722ee6ae91dad952d6b169bf641e3b52be",
        "type": "github"
      },
      "original": {
        "owner": "nix-community",
        "repo": "lib-aggregate",
        "type": "github"
      }
    },
    "nix-eval-jobs": {
      "inputs": {
        "flake-parts": "flake-parts",
        "nixpkgs": "nixpkgs_3"
      },
      "locked": {
        "lastModified": 1680484430,
        "narHash": "sha256-+vqJNkTlxoJEQSFrhITizUeCg2cosUYITR2K8ssBoTg=",
        "owner": "nix-community",
        "repo": "nix-eval-jobs",
        "rev": "caea6aa170a0b62be33c442a518ac5a11b8b71d3",
        "type": "github"
      },
      "original": {
        "owner": "nix-community",
        "repo": "nix-eval-jobs",
        "type": "github"
      }
    },
    "nixpkgs": {
      "locked": {
        "lastModified": 1666377499,
        "narHash": "sha256-dZZCGvWcxc7oGnUgFVf0UeNHsJ4VhkTM0v5JRe8EwR8=",
        "owner": "NixOS",
        "repo": "nixpkgs",
        "rev": "301aada7a64812853f2e2634a530ef5d34505048",
        "type": "github"
      },
      "original": {
        "owner": "NixOS",
        "ref": "nixos-unstable",
        "repo": "nixpkgs",
        "type": "github"
      }
    },
    "nixpkgs-lib": {
      "locked": {
        "lastModified": 1680397293,
        "narHash": "sha256-wBpJ73+tJ8fZSWb4tzNbAVahC4HSo2QG3nICDy4ExBQ=",
        "owner": "nix-community",
        "repo": "nixpkgs.lib",
        "rev": "b18d328214ca3c627d3cc3f51fd9d1397fdbcd7a",
        "type": "github"
      },
      "original": {
        "owner": "nix-community",
        "repo": "nixpkgs.lib",
        "type": "github"
      }
    },
    "nixpkgs-wayland": {
      "inputs": {
        "flake-compat": "flake-compat",
        "lib-aggregate": "lib-aggregate",
        "nix-eval-jobs": "nix-eval-jobs",
        "nixpkgs": [
          "nixpkgs"
        ]
      },
      "locked": {
        "lastModified": 1680689728,
        "narHash": "sha256-pE5V6uTw7S7/UEnyIjXGHf106kVpR02nmgb5xvt72zI=",
        "owner": "nix-community",
        "repo": "nixpkgs-wayland",
        "rev": "c789a349d5b8c3bfb181f7c89e6a3a4c09cc91e8",
        "type": "github"
      },
      "original": {
        "owner": "nix-community",
        "repo": "nixpkgs-wayland",
        "type": "github"
      }
    },
    "nixpkgs_2": {
      "locked": {
        "lastModified": 1680487167,
        "narHash": "sha256-9FNIqrxDZgSliGGN2XJJSvcDYmQbgOANaZA4UWnTdg4=",
        "owner": "NixOS",
        "repo": "nixpkgs",
        "rev": "53dad94e874c9586e71decf82d972dfb640ef044",
        "type": "github"
      },
      "original": {
        "owner": "NixOS",
        "ref": "nixos-unstable",
        "repo": "nixpkgs",
        "type": "github"
      }
    },
    "nixpkgs_3": {
      "locked": {
        "lastModified": 1680481868,
        "narHash": "sha256-/3GyhIx1PZErPgPoA6botQ+yp5MGUB5uCh9z/6Shj9s=",
        "owner": "NixOS",
        "repo": "nixpkgs",
        "rev": "ed9eb3ac00e8442504f8baa5d234d0f9fed93657",
        "type": "github"
      },
      "original": {
        "owner": "NixOS",
        "ref": "master",
        "repo": "nixpkgs",
        "type": "github"
      }
    },
    "notsodeep-overlay": {
      "inputs": {
        "notsodeep-src": "notsodeep-src"
      },
      "locked": {
        "lastModified": 1666425484,
        "narHash": "sha256-NrIRhzzbMgeftd/cGY+GlY/HidSuwLjLd8r+VFr9jOw=",
        "owner": "damhiya",
        "repo": "notsodeep-overlay",
        "rev": "bf94085ef1f61a3d1273aaf16bd5a70b6303cd5c",
        "type": "github"
      },
      "original": {
        "owner": "damhiya",
        "repo": "notsodeep-overlay",
        "type": "github"
      }
    },
    "notsodeep-src": {
      "flake": false,
      "locked": {
        "lastModified": 1559071595,
        "narHash": "sha256-e6bc8pZwAWpe2t34gQgxpG1ZjO4/nc1MKAZtJvfX/Wc=",
        "owner": "farukuzun",
        "repo": "notsodeep",
        "rev": "470532243bff92fd8314f3693c4748604078b484",
        "type": "github"
      },
      "original": {
        "owner": "farukuzun",
        "repo": "notsodeep",
        "rev": "470532243bff92fd8314f3693c4748604078b484",
        "type": "github"
      }
    },
    "root": {
      "inputs": {
        "emacs-overlay": "emacs-overlay",
        "home-manager": "home-manager",
        "iosevka-custom": "iosevka-custom",
        "kmonad": "kmonad",
        "nixpkgs": "nixpkgs_2",
        "nixpkgs-wayland": "nixpkgs-wayland",
        "notsodeep-overlay": "notsodeep-overlay"
      }
    },
    "utils": {
      "locked": {
        "lastModified": 1678901627,
        "narHash": "sha256-U02riOqrKKzwjsxc/400XnElV+UtPUQWpANPlyazjH0=",
        "owner": "numtide",
        "repo": "flake-utils",
        "rev": "93a2b84fc4b70d9e089d029deacc3583435c2ed6",
        "type": "github"
      },
      "original": {
        "owner": "numtide",
        "repo": "flake-utils",
        "type": "github"
      }
    }
  },
  "root": "root",
  "version": 7
}
