{
  "nodes": {
    "emacs-overlay": {
      "inputs": {
        "flake-utils": "flake-utils",
        "nixpkgs": [
          "nixpkgs"
        ],
        "nixpkgs-stable": "nixpkgs-stable"
      },
      "locked": {
        "lastModified": 1696357822,
        "narHash": "sha256-wAXP7mk5zJ2sIW9cH1Oxf/f1AY3jtAgLFwvQMvJ9o4s=",
        "owner": "nix-community",
        "repo": "emacs-overlay",
        "rev": "d88c1d26a6874ab9ef657753e170bbcee7506ce1",
        "type": "github"
      },
      "original": {
        "owner": "nix-community",
        "repo": "emacs-overlay",
        "type": "github"
      }
    },
    "flake-compat": {
      "locked": {
        "lastModified": 1688025799,
        "narHash": "sha256-ktpB4dRtnksm9F5WawoIkEneh1nrEvuxb5lJFt1iOyw=",
        "owner": "nix-community",
        "repo": "flake-compat",
        "rev": "8bf105319d44f6b9f0d764efa4fdef9f1cc9ba1c",
        "type": "github"
      },
      "original": {
        "owner": "nix-community",
        "repo": "flake-compat",
        "type": "github"
      }
    },
    "flake-parts": {
      "inputs": {
        "nixpkgs-lib": [
          "nixpkgs-wayland",
          "nix-eval-jobs",
          "nixpkgs"
        ]
      },
      "locked": {
        "lastModified": 1696203690,
        "narHash": "sha256-774XMEL7VHSTLDYVkqrbl5GCdmkVKsjMs+KLM4N4t7k=",
        "owner": "hercules-ci",
        "repo": "flake-parts",
        "rev": "21928e6758af0a258002647d14363d5ffc85545b",
        "type": "github"
      },
      "original": {
        "owner": "hercules-ci",
        "repo": "flake-parts",
        "type": "github"
      }
    },
    "flake-utils": {
      "inputs": {
        "systems": "systems"
      },
      "locked": {
        "lastModified": 1694529238,
        "narHash": "sha256-zsNZZGTGnMOf9YpHKJqMSsa0dXbfmxeoJ7xHlrt+xmY=",
        "owner": "numtide",
        "repo": "flake-utils",
        "rev": "ff7b65b44d01cf9ba6a71320833626af21126384",
        "type": "github"
      },
      "original": {
        "owner": "numtide",
        "repo": "flake-utils",
        "type": "github"
      }
    },
    "flake-utils_2": {
      "inputs": {
        "systems": "systems_2"
      },
      "locked": {
        "lastModified": 1689068808,
        "narHash": "sha256-6ixXo3wt24N/melDWjq70UuHQLxGV8jZvooRanIHXw0=",
        "owner": "numtide",
        "repo": "flake-utils",
        "rev": "919d646de7be200f3bf08cb76ae1f09402b6f9b4",
        "type": "github"
      },
      "original": {
        "owner": "numtide",
        "repo": "flake-utils",
        "type": "github"
      }
    },
    "flake-utils_3": {
      "inputs": {
        "systems": "systems_3"
      },
      "locked": {
        "lastModified": 1694529238,
        "narHash": "sha256-zsNZZGTGnMOf9YpHKJqMSsa0dXbfmxeoJ7xHlrt+xmY=",
        "owner": "numtide",
        "repo": "flake-utils",
        "rev": "ff7b65b44d01cf9ba6a71320833626af21126384",
        "type": "github"
      },
      "original": {
        "owner": "numtide",
        "repo": "flake-utils",
        "type": "github"
      }
    },
    "happy-hacking-gnu-src": {
      "flake": false,
      "locked": {
        "lastModified": 1682425107,
        "narHash": "sha256-bCV1W8/6ths8igZg9nxFZuYDGuKMSGxJmg6c1PJxuGY=",
        "ref": "refs/heads/master",
        "rev": "0045faf17c8e3fd51f114124ed7eef51d3c97bb0",
        "revCount": 33,
        "submodules": true,
        "type": "git",
        "url": "https://gitlab.com/dom/happy-hacking-gnu.git??rev=85dfbba4cfc11a34f2dd8e984e9d46112f04a7e1"
      },
      "original": {
        "submodules": true,
        "type": "git",
        "url": "https://gitlab.com/dom/happy-hacking-gnu.git??rev=85dfbba4cfc11a34f2dd8e984e9d46112f04a7e1"
      }
    },
    "hhg-overlay": {
      "inputs": {
        "happy-hacking-gnu-src": "happy-hacking-gnu-src",
        "nixpkgs": [
          "nixpkgs"
        ]
      },
      "locked": {
        "lastModified": 1686841510,
        "narHash": "sha256-TZP02zKHKUEtHubL6/SuYOtGPW/cRtTKqjqwX7HD54k=",
        "owner": "damhiya",
        "repo": "hhg-overlay",
        "rev": "da9cc9a11b60ebd15baa78d77d90a77fbf43251b",
        "type": "github"
      },
      "original": {
        "owner": "damhiya",
        "repo": "hhg-overlay",
        "type": "github"
      }
    },
    "home-manager": {
      "inputs": {
        "nixpkgs": [
          "nixpkgs"
        ]
      },
      "locked": {
        "lastModified": 1696371324,
        "narHash": "sha256-0ycIheYRxzPOL9XBWiAm/af9cqRmsiy701OpjsRsKiw=",
        "owner": "nix-community",
        "repo": "home-manager",
        "rev": "e63c30fe9792b57dea1eab98be6871a0e42a33c9",
        "type": "github"
      },
      "original": {
        "owner": "nix-community",
        "repo": "home-manager",
        "type": "github"
      }
    },
    "iosevka-custom": {
      "inputs": {
        "flake-utils": "flake-utils_2",
        "nixpkgs": "nixpkgs"
      },
      "locked": {
        "lastModified": 1691101363,
        "narHash": "sha256-V7k08hqGt8ahEAcW4HW8xTTxrvzELoD1EcNaXY2PgSA=",
        "owner": "damhiya",
        "repo": "iosevka-custom",
        "rev": "318e49301c5b1f19da94a123b39ac3cfc194f199",
        "type": "github"
      },
      "original": {
        "owner": "damhiya",
        "repo": "iosevka-custom",
        "type": "github"
      }
    },
    "kmonad": {
      "inputs": {
        "nixpkgs": [
          "nixpkgs"
        ]
      },
      "locked": {
        "dir": "nix",
        "lastModified": 1695227806,
        "narHash": "sha256-EcChzeEOh2oAZNgvR+kWCBpWomMopK2Zs+0+dvDUJh0=",
        "owner": "kmonad",
        "repo": "kmonad",
        "rev": "22da3354e6f629f9294c830d8558875d77b5cffc",
        "type": "github"
      },
      "original": {
        "dir": "nix",
        "owner": "kmonad",
        "repo": "kmonad",
        "type": "github"
      }
    },
    "lib-aggregate": {
      "inputs": {
        "flake-utils": "flake-utils_3",
        "nixpkgs-lib": "nixpkgs-lib"
      },
      "locked": {
        "lastModified": 1696162106,
        "narHash": "sha256-72gAqduG8CpBFWchiO4DxZClux5HAti4frrrYGr/5xo=",
        "owner": "nix-community",
        "repo": "lib-aggregate",
        "rev": "273cc814826475216b2a8aa008697b939e784514",
        "type": "github"
      },
      "original": {
        "owner": "nix-community",
        "repo": "lib-aggregate",
        "type": "github"
      }
    },
    "nix-eval-jobs": {
      "inputs": {
        "flake-parts": "flake-parts",
        "nixpkgs": "nixpkgs_3",
        "treefmt-nix": "treefmt-nix"
      },
      "locked": {
        "lastModified": 1696208796,
        "narHash": "sha256-dGhlQ0TeiJhbtEk40ddbJ9Fz4kDa/JfU22F34iYJwu8=",
        "owner": "nix-community",
        "repo": "nix-eval-jobs",
        "rev": "82cede4edd01989095040b55d0212d61a65fc5fd",
        "type": "github"
      },
      "original": {
        "owner": "nix-community",
        "repo": "nix-eval-jobs",
        "type": "github"
      }
    },
    "nixpkgs": {
      "locked": {
        "lastModified": 1691006197,
        "narHash": "sha256-DbtxVWPt+ZP5W0Usg7jAyTomIM//c3Jtfa59Ht7AV8s=",
        "owner": "NixOS",
        "repo": "nixpkgs",
        "rev": "66aedfd010204949cb225cf749be08cb13ce1813",
        "type": "github"
      },
      "original": {
        "owner": "NixOS",
        "ref": "nixos-unstable",
        "repo": "nixpkgs",
        "type": "github"
      }
    },
    "nixpkgs-lib": {
      "locked": {
        "lastModified": 1696121361,
        "narHash": "sha256-sstnEW0Qwqo3MHmy1In/hJHjypfsSDlnhegNKw5eplk=",
        "owner": "nix-community",
        "repo": "nixpkgs.lib",
        "rev": "56992d3dfd3b8cee5c5b5674c1a477446839b6ad",
        "type": "github"
      },
      "original": {
        "owner": "nix-community",
        "repo": "nixpkgs.lib",
        "type": "github"
      }
    },
    "nixpkgs-stable": {
      "locked": {
        "lastModified": 1696039360,
        "narHash": "sha256-g7nIUV4uq1TOVeVIDEZLb005suTWCUjSY0zYOlSBsyE=",
        "owner": "NixOS",
        "repo": "nixpkgs",
        "rev": "32dcb45f66c0487e92db8303a798ebc548cadedc",
        "type": "github"
      },
      "original": {
        "owner": "NixOS",
        "ref": "nixos-23.05",
        "repo": "nixpkgs",
        "type": "github"
      }
    },
    "nixpkgs-wayland": {
      "inputs": {
        "flake-compat": "flake-compat",
        "lib-aggregate": "lib-aggregate",
        "nix-eval-jobs": "nix-eval-jobs",
        "nixpkgs": [
          "nixpkgs"
        ]
      },
      "locked": {
        "lastModified": 1696376194,
        "narHash": "sha256-RcMQX08XdqPG/iGow3vtu77HNtYf5KY4PaSggAxhfok=",
        "owner": "nix-community",
        "repo": "nixpkgs-wayland",
        "rev": "2806f4d1b3d9e674cf9998c8f0a86d8f66c3dd5f",
        "type": "github"
      },
      "original": {
        "owner": "nix-community",
        "repo": "nixpkgs-wayland",
        "type": "github"
      }
    },
    "nixpkgs_2": {
      "locked": {
        "lastModified": 1696193975,
        "narHash": "sha256-mnQjUcYgp9Guu3RNVAB2Srr1TqKcPpRXmJf4LJk6KRY=",
        "owner": "NixOS",
        "repo": "nixpkgs",
        "rev": "fdd898f8f79e8d2f99ed2ab6b3751811ef683242",
        "type": "github"
      },
      "original": {
        "owner": "NixOS",
        "ref": "nixos-unstable",
        "repo": "nixpkgs",
        "type": "github"
      }
    },
    "nixpkgs_3": {
      "locked": {
        "lastModified": 1696207572,
        "narHash": "sha256-w24NTSMrc7bMIQP5Y8BFsKbpYjbRh/+ptf/9gCEFrKo=",
        "owner": "NixOS",
        "repo": "nixpkgs",
        "rev": "fe0b3b663e98c85db7f08ab3a4ac318c523c0684",
        "type": "github"
      },
      "original": {
        "owner": "NixOS",
        "ref": "master",
        "repo": "nixpkgs",
        "type": "github"
      }
    },
    "notsodeep-overlay": {
      "inputs": {
        "notsodeep-src": "notsodeep-src"
      },
      "locked": {
        "lastModified": 1666425484,
        "narHash": "sha256-NrIRhzzbMgeftd/cGY+GlY/HidSuwLjLd8r+VFr9jOw=",
        "owner": "damhiya",
        "repo": "notsodeep-overlay",
        "rev": "bf94085ef1f61a3d1273aaf16bd5a70b6303cd5c",
        "type": "github"
      },
      "original": {
        "owner": "damhiya",
        "repo": "notsodeep-overlay",
        "type": "github"
      }
    },
    "notsodeep-src": {
      "flake": false,
      "locked": {
        "lastModified": 1559071595,
        "narHash": "sha256-e6bc8pZwAWpe2t34gQgxpG1ZjO4/nc1MKAZtJvfX/Wc=",
        "owner": "farukuzun",
        "repo": "notsodeep",
        "rev": "470532243bff92fd8314f3693c4748604078b484",
        "type": "github"
      },
      "original": {
        "owner": "farukuzun",
        "repo": "notsodeep",
        "rev": "470532243bff92fd8314f3693c4748604078b484",
        "type": "github"
      }
    },
    "root": {
      "inputs": {
        "emacs-overlay": "emacs-overlay",
        "hhg-overlay": "hhg-overlay",
        "home-manager": "home-manager",
        "iosevka-custom": "iosevka-custom",
        "kmonad": "kmonad",
        "nixpkgs": "nixpkgs_2",
        "nixpkgs-wayland": "nixpkgs-wayland",
        "notsodeep-overlay": "notsodeep-overlay"
      }
    },
    "systems": {
      "locked": {
        "lastModified": 1681028828,
        "narHash": "sha256-Vy1rq5AaRuLzOxct8nz4T6wlgyUR7zLU309k9mBC768=",
        "owner": "nix-systems",
        "repo": "default",
        "rev": "da67096a3b9bf56a91d16901293e51ba5b49a27e",
        "type": "github"
      },
      "original": {
        "owner": "nix-systems",
        "repo": "default",
        "type": "github"
      }
    },
    "systems_2": {
      "locked": {
        "lastModified": 1681028828,
        "narHash": "sha256-Vy1rq5AaRuLzOxct8nz4T6wlgyUR7zLU309k9mBC768=",
        "owner": "nix-systems",
        "repo": "default",
        "rev": "da67096a3b9bf56a91d16901293e51ba5b49a27e",
        "type": "github"
      },
      "original": {
        "owner": "nix-systems",
        "repo": "default",
        "type": "github"
      }
    },
    "systems_3": {
      "locked": {
        "lastModified": 1681028828,
        "narHash": "sha256-Vy1rq5AaRuLzOxct8nz4T6wlgyUR7zLU309k9mBC768=",
        "owner": "nix-systems",
        "repo": "default",
        "rev": "da67096a3b9bf56a91d16901293e51ba5b49a27e",
        "type": "github"
      },
      "original": {
        "owner": "nix-systems",
        "repo": "default",
        "type": "github"
      }
    },
    "treefmt-nix": {
      "inputs": {
        "nixpkgs": [
          "nixpkgs-wayland",
          "nix-eval-jobs",
          "nixpkgs"
        ]
      },
      "locked": {
        "lastModified": 1695822946,
        "narHash": "sha256-IQU3fYo0H+oGlqX5YrgZU3VRhbt2Oqe6KmslQKUO4II=",
        "owner": "numtide",
        "repo": "treefmt-nix",
        "rev": "720bd006d855b08e60664e4683ccddb7a9ff614a",
        "type": "github"
      },
      "original": {
        "owner": "numtide",
        "repo": "treefmt-nix",
        "type": "github"
      }
    }
  },
  "root": "root",
  "version": 7
}
